
Microsoft Visual Studio Solution File, Format Version 9.00
# Visual Studio 2005
Project("{8BC9CEB8-8B4A-11D0-8D11-00A0C91BC942}") = "yaProcessExplorer", "..\yaProcessExplorer\yaProcessExplorer.vcproj", "{8644B4C9-1266-4E6B-85F9-2475056E07FF}"
	ProjectSection(ProjectDependencies) = postProject
		{60BAFCAE-C993-4373-857B-D18941277678} = {60BAFCAE-C993-4373-857B-D18941277678}
	EndProjectSection
EndProject
Project("{8BC9CEB8-8B4A-11D0-8D11-00A0C91BC942}") = "Drv", "..\drv\Drv.vcproj", "{C21D2338-D08B-41E2-B524-303C5B72CE0F}"
EndProject
Project("{8BC9CEB8-8B4A-11D0-8D11-00A0C91BC942}") = "LibTest", "KernelPortect.vcproj", "{B50BA9CB-0C18-4945-BCEE-816E8B2372F2}"
	ProjectSection(ProjectDependencies) = postProject
		{60BAFCAE-C993-4373-857B-D18941277678} = {60BAFCAE-C993-4373-857B-D18941277678}
	EndProjectSection
EndProject
Project("{8BC9CEB8-8B4A-11D0-8D11-00A0C91BC942}") = "KernelLib", "..\KernelLib\KernelLib.vcproj", "{60BAFCAE-C993-4373-857B-D18941277678}"
EndProject
Global
	GlobalSection(SolutionConfigurationPlatforms) = preSolution
		Debug|Win32 = Debug|Win32
		Release|Win32 = Release|Win32
	EndGlobalSection
	GlobalSection(ProjectConfigurationPlatforms) = postSolution
		{8644B4C9-1266-4E6B-85F9-2475056E07FF}.Debug|Win32.ActiveCfg = Debug|Win32
		{8644B4C9-1266-4E6B-85F9-2475056E07FF}.Debug|Win32.Build.0 = Debug|Win32
		{8644B4C9-1266-4E6B-85F9-2475056E07FF}.Release|Win32.ActiveCfg = Release|Win32
		{8644B4C9-1266-4E6B-85F9-2475056E07FF}.Release|Win32.Build.0 = Release|Win32
		{C21D2338-D08B-41E2-B524-303C5B72CE0F}.Debug|Win32.ActiveCfg = Debug|Win32
		{C21D2338-D08B-41E2-B524-303C5B72CE0F}.Debug|Win32.Build.0 = Debug|Win32
		{C21D2338-D08B-41E2-B524-303C5B72CE0F}.Release|Win32.ActiveCfg = Release|Win32
		{C21D2338-D08B-41E2-B524-303C5B72CE0F}.Release|Win32.Build.0 = Release|Win32
		{B50BA9CB-0C18-4945-BCEE-816E8B2372F2}.Debug|Win32.ActiveCfg = Debug|Win32
		{B50BA9CB-0C18-4945-BCEE-816E8B2372F2}.Debug|Win32.Build.0 = Debug|Win32
		{B50BA9CB-0C18-4945-BCEE-816E8B2372F2}.Release|Win32.ActiveCfg = Release|Win32
		{B50BA9CB-0C18-4945-BCEE-816E8B2372F2}.Release|Win32.Build.0 = Release|Win32
		{60BAFCAE-C993-4373-857B-D18941277678}.Debug|Win32.ActiveCfg = Debug|Win32
		{60BAFCAE-C993-4373-857B-D18941277678}.Debug|Win32.Build.0 = Debug|Win32
		{60BAFCAE-C993-4373-857B-D18941277678}.Release|Win32.ActiveCfg = Release|Win32
		{60BAFCAE-C993-4373-857B-D18941277678}.Release|Win32.Build.0 = Release|Win32
	EndGlobalSection
	GlobalSection(SolutionProperties) = preSolution
		HideSolutionNode = FALSE
	EndGlobalSection
EndGlobal
