
Microsoft Visual Studio Solution File, Format Version 9.00
# Visual Studio 2005
Project("{8BC9CEB8-8B4A-11D0-8D11-00A0C91BC942}") = "LogView", "LogView.vcproj", "{CAFEE685-8292-4C7E-B0F4-2E7099DE3B24}"
EndProject
Project("{8BC9CEB8-8B4A-11D0-8D11-00A0C91BC942}") = "DbgDrv", "..\DbgDrv\DbgDrv.vcproj", "{120141C5-2532-4A49-859F-32F8FE067DE0}"
EndProject
Global
	GlobalSection(SolutionConfigurationPlatforms) = preSolution
		Debug|Win32 = Debug|Win32
		Release|Win32 = Release|Win32
	EndGlobalSection
	GlobalSection(ProjectConfigurationPlatforms) = postSolution
		{CAFEE685-8292-4C7E-B0F4-2E7099DE3B24}.Debug|Win32.ActiveCfg = Debug|Win32
		{CAFEE685-8292-4C7E-B0F4-2E7099DE3B24}.Debug|Win32.Build.0 = Debug|Win32
		{CAFEE685-8292-4C7E-B0F4-2E7099DE3B24}.Release|Win32.ActiveCfg = Release|Win32
		{CAFEE685-8292-4C7E-B0F4-2E7099DE3B24}.Release|Win32.Build.0 = Release|Win32
		{120141C5-2532-4A49-859F-32F8FE067DE0}.Debug|Win32.ActiveCfg = Debug|Win32
		{120141C5-2532-4A49-859F-32F8FE067DE0}.Debug|Win32.Build.0 = Debug|Win32
		{120141C5-2532-4A49-859F-32F8FE067DE0}.Release|Win32.ActiveCfg = Release|Win32
		{120141C5-2532-4A49-859F-32F8FE067DE0}.Release|Win32.Build.0 = Release|Win32
	EndGlobalSection
	GlobalSection(SolutionProperties) = preSolution
		HideSolutionNode = FALSE
	EndGlobalSection
EndGlobal
